
Microsoft Visual Studio Solution File, Format Version 12.00
# Visual Studio Version 17
VisualStudioVersion = 17.1.32319.34
MinimumVisualStudioVersion = 10.0.40219.1
Project("{8BC9CEB8-8B4A-11D0-8D11-00A0C91BC942}") = "1aaaaa", "1aaaaa.vcxproj", "{FAB56056-60E9-4597-ACE7-783780E2E3EF}"
EndProject
Global
	GlobalSection(SolutionConfigurationPlatforms) = preSolution
		Debug|x64 = Debug|x64
		Debug|x86 = Debug|x86
		Release|x64 = Release|x64
		Release|x86 = Release|x86
	EndGlobalSection
	GlobalSection(ProjectConfigurationPlatforms) = postSolution
		{FAB56056-60E9-4597-ACE7-783780E2E3EF}.Debug|x64.ActiveCfg = Debug|x64
		{FAB56056-60E9-4597-ACE7-783780E2E3EF}.Debug|x64.Build.0 = Debug|x64
		{FAB56056-60E9-4597-ACE7-783780E2E3EF}.Debug|x86.ActiveCfg = Debug|Win32
		{FAB56056-60E9-4597-ACE7-783780E2E3EF}.Debug|x86.Build.0 = Debug|Win32
		{FAB56056-60E9-4597-ACE7-783780E2E3EF}.Release|x64.ActiveCfg = Release|x64
		{FAB56056-60E9-4597-ACE7-783780E2E3EF}.Release|x64.Build.0 = Release|x64
		{FAB56056-60E9-4597-ACE7-783780E2E3EF}.Release|x86.ActiveCfg = Release|Win32
		{FAB56056-60E9-4597-ACE7-783780E2E3EF}.Release|x86.Build.0 = Release|Win32
	EndGlobalSection
	GlobalSection(SolutionProperties) = preSolution
		HideSolutionNode = FALSE
	EndGlobalSection
	GlobalSection(ExtensibilityGlobals) = postSolution
		SolutionGuid = {53A555ED-5145-471D-A7AC-B2B6DFDF20F2}
	EndGlobalSection
EndGlobal
